
Microsoft Visual Studio Solution File, Format Version 12.00
# Visual Studio Version 16
VisualStudioVersion = 25.0.1705.0
MinimumVisualStudioVersion = 10.0.40219.1
Project("{FAE04EC0-301F-11D3-BF4B-00C04F79EFBC}") = "ForLoops", "ForLoops.csproj", "{ACB981E2-AD92-4505-8E20-AF4B0D547AE3}"
EndProject
Global
	GlobalSection(SolutionConfigurationPlatforms) = preSolution
		Debug|Any CPU = Debug|Any CPU
		Release|Any CPU = Release|Any CPU
	EndGlobalSection
	GlobalSection(ProjectConfigurationPlatforms) = postSolution
		{ACB981E2-AD92-4505-8E20-AF4B0D547AE3}.Debug|Any CPU.ActiveCfg = Debug|Any CPU
		{ACB981E2-AD92-4505-8E20-AF4B0D547AE3}.Debug|Any CPU.Build.0 = Debug|Any CPU
		{ACB981E2-AD92-4505-8E20-AF4B0D547AE3}.Release|Any CPU.ActiveCfg = Release|Any CPU
		{ACB981E2-AD92-4505-8E20-AF4B0D547AE3}.Release|Any CPU.Build.0 = Release|Any CPU
	EndGlobalSection
	GlobalSection(SolutionProperties) = preSolution
		HideSolutionNode = FALSE
	EndGlobalSection
	GlobalSection(ExtensibilityGlobals) = postSolution
		SolutionGuid = {73578B98-3AC3-4C92-8CC4-72597FA0E2E7}
	EndGlobalSection
EndGlobal
